// !$*UTF8*$!
{
	archiveVersion = 1;
	classes = {
	};
	objectVersion = 55;
	objects = {

/* Begin PBXBuildFile section */
		A02295AF2874E81D004EBA4C /* AppDelegate.swift in Sources */ = {isa = PBXBuildFile; fileRef = A02295AE2874E81D004EBA4C /* AppDelegate.swift */; };
		A02295B12874E81D004EBA4C /* SceneDelegate.swift in Sources */ = {isa = PBXBuildFile; fileRef = A02295B02874E81D004EBA4C /* SceneDelegate.swift */; };
		A02295B32874E81D004EBA4C /* ViewController.swift in Sources */ = {isa = PBXBuildFile; fileRef = A02295B22874E81D004EBA4C /* ViewController.swift */; };
		A02295B62874E81D004EBA4C /* Main.storyboard in Resources */ = {isa = PBXBuildFile; fileRef = A02295B42874E81D004EBA4C /* Main.storyboard */; };
		A02295B82874E81F004EBA4C /* Assets.xcassets in Resources */ = {isa = PBXBuildFile; fileRef = A02295B72874E81F004EBA4C /* Assets.xcassets */; };
		A02295BB2874E81F004EBA4C /* LaunchScreen.storyboard in Resources */ = {isa = PBXBuildFile; fileRef = A02295B92874E81F004EBA4C /* LaunchScreen.storyboard */; };
		A02295C42874E9B7004EBA4C /* PopupBridge in Frameworks */ = {isa = PBXBuildFile; productRef = A02295C32874E9B7004EBA4C /* PopupBridge */; };
/* End PBXBuildFile section */

/* Begin PBXFileReference section */
		A02295AB2874E81D004EBA4C /* paypal-popup.app */ = {isa = PBXFileReference; explicitFileType = wrapper.application; includeInIndex = 0; path = "paypal-popup.app"; sourceTree = BUILT_PRODUCTS_DIR; };
		A02295AE2874E81D004EBA4C /* AppDelegate.swift */ = {isa = PBXFileReference; lastKnownFileType = sourcecode.swift; path = AppDelegate.swift; sourceTree = "<group>"; };
		A02295B02874E81D004EBA4C /* SceneDelegate.swift */ = {isa = PBXFileReference; lastKnownFileType = sourcecode.swift; path = SceneDelegate.swift; sourceTree = "<group>"; };
		A02295B22874E81D004EBA4C /* ViewController.swift */ = {isa = PBXFileReference; lastKnownFileType = sourcecode.swift; path = ViewController.swift; sourceTree = "<group>"; };
		A02295B52874E81D004EBA4C /* Base */ = {isa = PBXFileReference; lastKnownFileType = file.storyboard; name = Base; path = Base.lproj/Main.storyboard; sourceTree = "<group>"; };
		A02295B72874E81F004EBA4C /* Assets.xcassets */ = {isa = PBXFileReference; lastKnownFileType = folder.assetcatalog; path = Assets.xcassets; sourceTree = "<group>"; };
		A02295BA2874E81F004EBA4C /* Base */ = {isa = PBXFileReference; lastKnownFileType = file.storyboard; name = Base; path = Base.lproj/LaunchScreen.storyboard; sourceTree = "<group>"; };
		A02295BC2874E81F004EBA4C /* Info.plist */ = {isa = PBXFileReference; lastKnownFileType = text.plist.xml; path = Info.plist; sourceTree = "<group>"; };
/* End PBXFileReference section */

/* Begin PBXFrameworksBuildPhase section */
		A02295A82874E81D004EBA4C /* Frameworks */ = {
			isa = PBXFrameworksBuildPhase;
			buildActionMask = 2147483647;
			files = (
				A02295C42874E9B7004EBA4C /* PopupBridge in Frameworks */,
			);
			runOnlyForDeploymentPostprocessing = 0;
		};
/* End PBXFrameworksBuildPhase section */

/* Begin PBXGroup section */
		A02295A22874E81D004EBA4C = {
			isa = PBXGroup;
			children = (
				A02295AD2874E81D004EBA4C /* paypal-popup */,
				A02295AC2874E81D004EBA4C /* Products */,
			);
			sourceTree = "<group>";
		};
		A02295AC2874E81D004EBA4C /* Products */ = {
			isa = PBXGroup;
			children = (
				A02295AB2874E81D004EBA4C /* paypal-popup.app */,
			);
			name = Products;
			sourceTree = "<group>";
		};
		A02295AD2874E81D004EBA4C /* paypal-popup */ = {
			isa = PBXGroup;
			children = (
				A02295AE2874E81D004EBA4C /* AppDelegate.swift */,
				A02295B02874E81D004EBA4C /* SceneDelegate.swift */,
				A02295B22874E81D004EBA4C /* ViewController.swift */,
				A02295B42874E81D004EBA4C /* Main.storyboard */,
				A02295B72874E81F004EBA4C /* Assets.xcassets */,
				A02295B92874E81F004EBA4C /* LaunchScreen.storyboard */,
				A02295BC2874E81F004EBA4C /* Info.plist */,
			);
			path = "paypal-popup";
			sourceTree = "<group>";
		};
/* End PBXGroup section */

/* Begin PBXNativeTarget section */
		A02295AA2874E81D004EBA4C /* paypal-popup */ = {
			isa = PBXNativeTarget;
			buildConfigurationList = A02295BF2874E81F004EBA4C /* Build configuration list for PBXNativeTarget "paypal-popup" */;
			buildPhases = (
				A02295A72874E81D004EBA4C /* Sources */,
				A02295A82874E81D004EBA4C /* Frameworks */,
				A02295A92874E81D004EBA4C /* Resources */,
			);
			buildRules = (
			);
			dependencies = (
			);
			name = "paypal-popup";
			packageProductDependencies = (
				A02295C32874E9B7004EBA4C /* PopupBridge */,
			);
			productName = "paypal-popup";
			productReference = A02295AB2874E81D004EBA4C /* paypal-popup.app */;
			productType = "com.apple.product-type.application";
		};
/* End PBXNativeTarget section */

/* Begin PBXProject section */
		A02295A32874E81D004EBA4C /* Project object */ = {
			isa = PBXProject;
			attributes = {
				BuildIndependentTargetsInParallel = 1;
				LastSwiftUpdateCheck = 1340;
				LastUpgradeCheck = 1340;
				TargetAttributes = {
					A02295AA2874E81D004EBA4C = {
						CreatedOnToolsVersion = 13.4;
					};
				};
			};
			buildConfigurationList = A02295A62874E81D004EBA4C /* Build configuration list for PBXProject "paypal-popup" */;
			compatibilityVersion = "Xcode 13.0";
			developmentRegion = en;
			hasScannedForEncodings = 0;
			knownRegions = (
				en,
				Base,
			);
			mainGroup = A02295A22874E81D004EBA4C;
			packageReferences = (
				A02295C22874E9B7004EBA4C /* XCRemoteSwiftPackageReference "popup-bridge-ios" */,
			);
			productRefGroup = A02295AC2874E81D004EBA4C /* Products */;
			projectDirPath = "";
			projectRoot = "";
			targets = (
				A02295AA2874E81D004EBA4C /* paypal-popup */,
			);
		};
/* End PBXProject section */

/* Begin PBXResourcesBuildPhase section */
		A02295A92874E81D004EBA4C /* Resources */ = {
			isa = PBXResourcesBuildPhase;
			buildActionMask = 2147483647;
			files = (
				A02295BB2874E81F004EBA4C /* LaunchScreen.storyboard in Resources */,
				A02295B82874E81F004EBA4C /* Assets.xcassets in Resources */,
				A02295B62874E81D004EBA4C /* Main.storyboard in Resources */,
			);
			runOnlyForDeploymentPostprocessing = 0;
		};
/* End PBXResourcesBuildPhase section */

/* Begin PBXSourcesBuildPhase section */
		A02295A72874E81D004EBA4C /* Sources */ = {
			isa = PBXSourcesBuildPhase;
			buildActionMask = 2147483647;
			files = (
				A02295B32874E81D004EBA4C /* ViewController.swift in Sources */,
				A02295AF2874E81D004EBA4C /* AppDelegate.swift in Sources */,
				A02295B12874E81D004EBA4C /* SceneDelegate.swift in Sources */,
			);
			runOnlyForDeploymentPostprocessing = 0;
		};
/* End PBXSourcesBuildPhase section */

/* Begin PBXVariantGroup section */
		A02295B42874E81D004EBA4C /* Main.storyboard */ = {
			isa = PBXVariantGroup;
			children = (
				A02295B52874E81D004EBA4C /* Base */,
			);
			name = Main.storyboard;
			sourceTree = "<group>";
		};
		A02295B92874E81F004EBA4C /* LaunchScreen.storyboard */ = {
			isa = PBXVariantGroup;
			children = (
				A02295BA2874E81F004EBA4C /* Base */,
			);
			name = LaunchScreen.storyboard;
			sourceTree = "<group>";
		};
/* End PBXVariantGroup section */

/* Begin XCBuildConfiguration section */
		A02295BD2874E81F004EBA4C /* Debug */ = {
			isa = XCBuildConfiguration;
			buildSettings = {
				ALWAYS_SEARCH_USER_PATHS = NO;
				CLANG_ANALYZER_NONNULL = YES;
				CLANG_ANALYZER_NUMBER_OBJECT_CONVERSION = YES_AGGRESSIVE;
				CLANG_CXX_LANGUAGE_STANDARD = "gnu++17";
				CLANG_ENABLE_MODULES = YES;
				CLANG_ENABLE_OBJC_ARC = YES;
				CLANG_ENABLE_OBJC_WEAK = YES;
				CLANG_WARN_BLOCK_CAPTURE_AUTORELEASING = YES;
				CLANG_WARN_BOOL_CONVERSION = YES;
				CLANG_WARN_COMMA = YES;
				CLANG_WARN_CONSTANT_CONVERSION = YES;
				CLANG_WARN_DEPRECATED_OBJC_IMPLEMENTATIONS = YES;
				CLANG_WARN_DIRECT_OBJC_ISA_USAGE = YES_ERROR;
				CLANG_WARN_DOCUMENTATION_COMMENTS = YES;
				CLANG_WARN_EMPTY_BODY = YES;
				CLANG_WARN_ENUM_CONVERSION = YES;
				CLANG_WARN_INFINITE_RECURSION = YES;
				CLANG_WARN_INT_CONVERSION = YES;
				CLANG_WARN_NON_LITERAL_NULL_CONVERSION = YES;
				CLANG_WARN_OBJC_IMPLICIT_RETAIN_SELF = YES;
				CLANG_WARN_OBJC_LITERAL_CONVERSION = YES;
				CLANG_WARN_OBJC_ROOT_CLASS = YES_ERROR;
				CLANG_WARN_QUOTED_INCLUDE_IN_FRAMEWORK_HEADER = YES;
				CLANG_WARN_RANGE_LOOP_ANALYSIS = YES;
				CLANG_WARN_STRICT_PROTOTYPES = YES;
				CLANG_WARN_SUSPICIOUS_MOVE = YES;
				CLANG_WARN_UNGUARDED_AVAILABILITY = YES_AGGRESSIVE;
				CLANG_WARN_UNREACHABLE_CODE = YES;
				CLANG_WARN__DUPLICATE_METHOD_MATCH = YES;
				COPY_PHASE_STRIP = NO;
				DEBUG_INFORMATION_FORMAT = dwarf;
				ENABLE_STRICT_OBJC_MSGSEND = YES;
				ENABLE_TESTABILITY = YES;
				GCC_C_LANGUAGE_STANDARD = gnu11;
				GCC_DYNAMIC_NO_PIC = NO;
				GCC_NO_COMMON_BLOCKS = YES;
				GCC_OPTIMIZATION_LEVEL = 0;
				GCC_PREPROCESSOR_DEFINITIONS = (
					"DEBUG=1",
					"$(inherited)",
				);
				GCC_WARN_64_TO_32_BIT_CONVERSION = YES;
				GCC_WARN_ABOUT_RETURN_TYPE = YES_ERROR;
				GCC_WARN_UNDECLARED_SELECTOR = YES;
				GCC_WARN_UNINITIALIZED_AUTOS = YES_AGGRESSIVE;
				GCC_WARN_UNUSED_FUNCTION = YES;
				GCC_WARN_UNUSED_VARIABLE = YES;
				IPHONEOS_DEPLOYMENT_TARGET = 15.5;
				MTL_ENABLE_DEBUG_INFO = INCLUDE_SOURCE;
				MTL_FAST_MATH = YES;
				ONLY_ACTIVE_ARCH = YES;
				SDKROOT = iphoneos;
				SWIFT_ACTIVE_COMPILATION_CONDITIONS = DEBUG;
				SWIFT_OPTIMIZATION_LEVEL = "-Onone";
			};
			name = Debug;
		};
		A02295BE2874E81F004EBA4C /* Release */ = {
			isa = XCBuildConfiguration;
			buildSettings = {
				ALWAYS_SEARCH_USER_PATHS = NO;
				CLANG_ANALYZER_NONNULL = YES;
				CLANG_ANALYZER_NUMBER_OBJECT_CONVERSION = YES_AGGRESSIVE;
				CLANG_CXX_LANGUAGE_STANDARD = "gnu++17";
				CLANG_ENABLE_MODULES = YES;
				CLANG_ENABLE_OBJC_ARC = YES;
				CLANG_ENABLE_OBJC_WEAK = YES;
				CLANG_WARN_BLOCK_CAPTURE_AUTORELEASING = YES;
				CLANG_WARN_BOOL_CONVERSION = YES;
				CLANG_WARN_COMMA = YES;
				CLANG_WARN_CONSTANT_CONVERSION = YES;
				CLANG_WARN_DEPRECATED_OBJC_IMPLEMENTATIONS = YES;
				CLANG_WARN_DIRECT_OBJC_ISA_USAGE = YES_ERROR;
				CLANG_WARN_DOCUMENTATION_COMMENTS = YES;
				CLANG_WARN_EMPTY_BODY = YES;
				CLANG_WARN_ENUM_CONVERSION = YES;
				CLANG_WARN_INFINITE_RECURSION = YES;
				CLANG_WARN_INT_CONVERSION = YES;
				CLANG_WARN_NON_LITERAL_NULL_CONVERSION = YES;
				CLANG_WARN_OBJC_IMPLICIT_RETAIN_SELF = YES;
				CLANG_WARN_OBJC_LITERAL_CONVERSION = YES;
				CLANG_WARN_OBJC_ROOT_CLASS = YES_ERROR;
				CLANG_WARN_QUOTED_INCLUDE_IN_FRAMEWORK_HEADER = YES;
				CLANG_WARN_RANGE_LOOP_ANALYSIS = YES;
				CLANG_WARN_STRICT_PROTOTYPES = YES;
				CLANG_WARN_SUSPICIOUS_MOVE = YES;
				CLANG_WARN_UNGUARDED_AVAILABILITY = YES_AGGRESSIVE;
				CLANG_WARN_UNREACHABLE_CODE = YES;
				CLANG_WARN__DUPLICATE_METHOD_MATCH = YES;
				COPY_PHASE_STRIP = NO;
				DEBUG_INFORMATION_FORMAT = "dwarf-with-dsym";
				ENABLE_NS_ASSERTIONS = NO;
				ENABLE_STRICT_OBJC_MSGSEND = YES;
				GCC_C_LANGUAGE_STANDARD = gnu11;
				GCC_NO_COMMON_BLOCKS = YES;
				GCC_WARN_64_TO_32_BIT_CONVERSION = YES;
				GCC_WARN_ABOUT_RETURN_TYPE = YES_ERROR;
				GCC_WARN_UNDECLARED_SELECTOR = YES;
				GCC_WARN_UNINITIALIZED_AUTOS = YES_AGGRESSIVE;
				GCC_WARN_UNUSED_FUNCTION = YES;
				GCC_WARN_UNUSED_VARIABLE = YES;
				IPHONEOS_DEPLOYMENT_TARGET = 15.5;
				MTL_ENABLE_DEBUG_INFO = NO;
				MTL_FAST_MATH = YES;
				SDKROOT = iphoneos;
				SWIFT_COMPILATION_MODE = wholemodule;
				SWIFT_OPTIMIZATION_LEVEL = "-O";
				VALIDATE_PRODUCT = YES;
			};
			name = Release;
		};
		A02295C02874E81F004EBA4C /* Debug */ = {
			isa = XCBuildConfiguration;
			buildSettings = {
				ASSETCATALOG_COMPILER_APPICON_NAME = AppIcon;
				ASSETCATALOG_COMPILER_GLOBAL_ACCENT_COLOR_NAME = AccentColor;
				CODE_SIGN_STYLE = Automatic;
				CURRENT_PROJECT_VERSION = 1;
				DEVELOPMENT_TEAM = Z89R595UB4;
				GENERATE_INFOPLIST_FILE = YES;
				INFOPLIST_FILE = "paypal-popup/Info.plist";
				INFOPLIST_KEY_UIApplicationSupportsIndirectInputEvents = YES;
				INFOPLIST_KEY_UILaunchStoryboardName = LaunchScreen;
				INFOPLIST_KEY_UIMainStoryboardFile = Main;
				INFOPLIST_KEY_UISupportedInterfaceOrientations_iPad = "UIInterfaceOrientationPortrait UIInterfaceOrientationPortraitUpsideDown UIInterfaceOrientationLandscapeLeft UIInterfaceOrientationLandscapeRight";
				INFOPLIST_KEY_UISupportedInterfaceOrientations_iPhone = "UIInterfaceOrientationPortrait UIInterfaceOrientationLandscapeLeft UIInterfaceOrientationLandscapeRight";
				LD_RUNPATH_SEARCH_PATHS = (
					"$(inherited)",
					"@executable_path/Frameworks",
				);
				MARKETING_VERSION = 1.0;
				PRODUCT_BUNDLE_IDENTIFIER = "ald.paypal-popup";
				PRODUCT_NAME = "$(TARGET_NAME)";
				SWIFT_EMIT_LOC_STRINGS = YES;
				SWIFT_VERSION = 5.0;
				TARGETED_DEVICE_FAMILY = "1,2";
			};
			name = Debug;
		};
		A02295C12874E81F004EBA4C /* Release */ = {
			isa = XCBuildConfiguration;
			buildSettings = {
				ASSETCATALOG_COMPILER_APPICON_NAME = AppIcon;
				ASSETCATALOG_COMPILER_GLOBAL_ACCENT_COLOR_NAME = AccentColor;
				CODE_SIGN_STYLE = Automatic;
				CURRENT_PROJECT_VERSION = 1;
				DEVELOPMENT_TEAM = Z89R595UB4;
				GENERATE_INFOPLIST_FILE = YES;
				INFOPLIST_FILE = "paypal-popup/Info.plist";
				INFOPLIST_KEY_UIApplicationSupportsIndirectInputEvents = YES;
				INFOPLIST_KEY_UILaunchStoryboardName = LaunchScreen;
				INFOPLIST_KEY_UIMainStoryboardFile = Main;
				INFOPLIST_KEY_UISupportedInterfaceOrientations_iPad = "UIInterfaceOrientationPortrait UIInterfaceOrientationPortraitUpsideDown UIInterfaceOrientationLandscapeLeft UIInterfaceOrientationLandscapeRight";
				INFOPLIST_KEY_UISupportedInterfaceOrientations_iPhone = "UIInterfaceOrientationPortrait UIInterfaceOrientationLandscapeLeft UIInterfaceOrientationLandscapeRight";
				LD_RUNPATH_SEARCH_PATHS = (
					"$(inherited)",
					"@executable_path/Frameworks",
				);
				MARKETING_VERSION = 1.0;
				PRODUCT_BUNDLE_IDENTIFIER = "ald.paypal-popup";
				PRODUCT_NAME = "$(TARGET_NAME)";
				SWIFT_EMIT_LOC_STRINGS = YES;
				SWIFT_VERSION = 5.0;
				TARGETED_DEVICE_FAMILY = "1,2";
			};
			name = Release;
		};
/* End XCBuildConfiguration section */

/* Begin XCConfigurationList section */
		A02295A62874E81D004EBA4C /* Build configuration list for PBXProject "paypal-popup" */ = {
			isa = XCConfigurationList;
			buildConfigurations = (
				A02295BD2874E81F004EBA4C /* Debug */,
				A02295BE2874E81F004EBA4C /* Release */,
			);
			defaultConfigurationIsVisible = 0;
			defaultConfigurationName = Release;
		};
		A02295BF2874E81F004EBA4C /* Build configuration list for PBXNativeTarget "paypal-popup" */ = {
			isa = XCConfigurationList;
			buildConfigurations = (
				A02295C02874E81F004EBA4C /* Debug */,
				A02295C12874E81F004EBA4C /* Release */,
			);
			defaultConfigurationIsVisible = 0;
			defaultConfigurationName = Release;
		};
/* End XCConfigurationList section */

/* Begin XCRemoteSwiftPackageReference section */
		A02295C22874E9B7004EBA4C /* XCRemoteSwiftPackageReference "popup-bridge-ios" */ = {
			isa = XCRemoteSwiftPackageReference;
			repositoryURL = "https://github.com/braintree/popup-bridge-ios";
			requirement = {
				kind = upToNextMinorVersion;
				minimumVersion = 1.2.0;
			};
		};
/* End XCRemoteSwiftPackageReference section */

/* Begin XCSwiftPackageProductDependency section */
		A02295C32874E9B7004EBA4C /* PopupBridge */ = {
			isa = XCSwiftPackageProductDependency;
			package = A02295C22874E9B7004EBA4C /* XCRemoteSwiftPackageReference "popup-bridge-ios" */;
			productName = PopupBridge;
		};
/* End XCSwiftPackageProductDependency section */
	};
	rootObject = A02295A32874E81D004EBA4C /* Project object */;
}
