{
  "pins" : [
    {
      "identity" : "popup-bridge-ios",
      "kind" : "remoteSourceControl",
      "location" : "https://github.com/braintree/popup-bridge-ios",
      "state" : {
        "revision" : "6f2519ff2ebc4fd9cc262ace2cd8536d670ac0a5",
        "version" : "1.2.0"
      }
    }
  ],
  "version" : 2
}
